
Microsoft Visual Studio Solution File, Format Version 11.00
# Visual Studio 2010
Project("{FAE04EC0-301F-11D3-BF4B-00C04F79EFBC}") = "FeedbackMe", "FeedbackMe\FeedbackMe.csproj", "{F01CEE7C-FE35-4EF0-94EC-16D0269FE0CC}"
	ProjectSection(ProjectDependencies) = postProject
		{A8970BA1-AB9B-4F37-B938-AFC11E1AFC6B} = {A8970BA1-AB9B-4F37-B938-AFC11E1AFC6B}
	EndProjectSection
EndProject
Project("{FAE04EC0-301F-11D3-BF4B-00C04F79EFBC}") = "FeedbackMe.Web", "FeedbackMe.Web\FeedbackMe.Web.csproj", "{A8970BA1-AB9B-4F37-B938-AFC11E1AFC6B}"
EndProject
Global
	GlobalSection(SolutionConfigurationPlatforms) = preSolution
		Debug|Any CPU = Debug|Any CPU
		Release|Any CPU = Release|Any CPU
	EndGlobalSection
	GlobalSection(ProjectConfigurationPlatforms) = postSolution
		{F01CEE7C-FE35-4EF0-94EC-16D0269FE0CC}.Debug|Any CPU.ActiveCfg = Debug|Any CPU
		{F01CEE7C-FE35-4EF0-94EC-16D0269FE0CC}.Debug|Any CPU.Build.0 = Debug|Any CPU
		{F01CEE7C-FE35-4EF0-94EC-16D0269FE0CC}.Release|Any CPU.ActiveCfg = Release|Any CPU
		{F01CEE7C-FE35-4EF0-94EC-16D0269FE0CC}.Release|Any CPU.Build.0 = Release|Any CPU
		{A8970BA1-AB9B-4F37-B938-AFC11E1AFC6B}.Debug|Any CPU.ActiveCfg = Debug|Any CPU
		{A8970BA1-AB9B-4F37-B938-AFC11E1AFC6B}.Debug|Any CPU.Build.0 = Debug|Any CPU
		{A8970BA1-AB9B-4F37-B938-AFC11E1AFC6B}.Release|Any CPU.ActiveCfg = Release|Any CPU
		{A8970BA1-AB9B-4F37-B938-AFC11E1AFC6B}.Release|Any CPU.Build.0 = Release|Any CPU
	EndGlobalSection
	GlobalSection(SolutionProperties) = preSolution
		HideSolutionNode = FALSE
	EndGlobalSection
EndGlobal
